# This file is automatically @generated by Cargo.
# It is not intended for manual editing.
version = 3

[[package]]
name = "cubs"
version = "1.2.0"
dependencies = [
 "shared",
 "tribaitri",
 "tubaitu",
]

[[package]]
name = "m_per_n"
version = "0.1.0"
dependencies = [
 "shared",
]

[[package]]
name = "shared"
version = "0.1.0"

[[package]]
name = "tribaitri"
version = "0.1.0"
dependencies = [
 "m_per_n",
 "shared",
]

[[package]]
name = "tubaitu"
version = "1.0.0"
dependencies = [
 "m_per_n",
 "shared",
]
